
Microsoft Visual Studio Solution File, Format Version 12.00
# Visual Studio 15
VisualStudioVersion = 15.0.27428.2037
MinimumVisualStudioVersion = 10.0.40219.1
Project("{FAE04EC0-301F-11D3-BF4B-00C04F79EFBC}") = "CustomerOrders", "CustomerOrders\CustomerOrders.csproj", "{EEDB0A62-4323-43C6-A477-C73D6F0A8024}"
EndProject
Global
	GlobalSection(SolutionConfigurationPlatforms) = preSolution
		Debug|Any CPU = Debug|Any CPU
		Release|Any CPU = Release|Any CPU
	EndGlobalSection
	GlobalSection(ProjectConfigurationPlatforms) = postSolution
		{EEDB0A62-4323-43C6-A477-C73D6F0A8024}.Debug|Any CPU.ActiveCfg = Debug|Any CPU
		{EEDB0A62-4323-43C6-A477-C73D6F0A8024}.Debug|Any CPU.Build.0 = Debug|Any CPU
		{EEDB0A62-4323-43C6-A477-C73D6F0A8024}.Release|Any CPU.ActiveCfg = Release|Any CPU
		{EEDB0A62-4323-43C6-A477-C73D6F0A8024}.Release|Any CPU.Build.0 = Release|Any CPU
	EndGlobalSection
	GlobalSection(SolutionProperties) = preSolution
		HideSolutionNode = FALSE
	EndGlobalSection
	GlobalSection(ExtensibilityGlobals) = postSolution
		SolutionGuid = {54597AD3-262C-40BB-B382-7C26B59382C4}
	EndGlobalSection
EndGlobal
